name: Update Flake Lock
on:
  workflow_dispatch:
  schedule:
    - cron: "0 0 * * *"

permissions:
  contents: write

jobs:
  lockfile:
    runs-on: ubuntu-latest
    steps:
      - name: Checkout repository
        uses: actions/checkout@v4

      - name: Install Nix
        uses: DeterminateSystems/nix-installer-action@main
        with:
          flakehub: false

      - name: Update flake lock
        run: nix flake update

      - name: Commit and push changes
        run: |
          git config user.name "github-actions[bot]"
          git config user.email "github-actions[bot]@users.noreply.github.com"
          git add flake.lock
          git diff --staged --quiet || git commit -m "chore(flake): 🔄 update flake lock"
          git push
